
Microsoft Visual Studio Solution File, Format Version 12.00
# Visual Studio Version 17
VisualStudioVersion = 17.4.33403.182
MinimumVisualStudioVersion = 10.0.40219.1
Project("{9A19103F-16F7-4668-BE54-9A1E7A4F7556}") = "MuayeneSaatler", "MuayeneSaatler\MuayeneSaatler.csproj", "{2E0B8AAA-239B-4A9C-8A2C-013F10AF52FF}"
EndProject
Project("{2150E333-8FDC-42A3-9474-1A3956D46DE8}") = "muayenesaatleri", "muayenesaatleri", "{84E4C471-1E3B-4670-A629-6C57B428327F}"
EndProject
Project("{2150E333-8FDC-42A3-9474-1A3956D46DE8}") = "Oyunlar", "Oyunlar", "{57092005-552B-47FC-942E-929D7E9BB661}"
EndProject
Project("{9A19103F-16F7-4668-BE54-9A1E7A4F7556}") = "oyunlar", "oyunlar\oyunlar.csproj", "{820C7020-2CF0-4DB5-8DC9-B4CC3B9A3C69}"
EndProject
Project("{2150E333-8FDC-42A3-9474-1A3956D46DE8}") = "HataYonetimi", "HataYonetimi", "{16346F47-7F2F-4960-B9D7-FFE4EDD2ADC3}"
EndProject
Project("{9A19103F-16F7-4668-BE54-9A1E7A4F7556}") = "HataYonetimi", "HataYonetimi\HataYonetimi.csproj", "{7D19E091-70C3-4DF9-AA37-DBF49ACB9AE0}"
EndProject
Project("{9A19103F-16F7-4668-BE54-9A1E7A4F7556}") = "Kitapci", "Kitapci\Kitapci.csproj", "{F06A9CFF-003F-439F-A65A-66B65BD4CDC5}"
EndProject
Project("{9A19103F-16F7-4668-BE54-9A1E7A4F7556}") = "Kitapci.Lib", "Kitapci.Lib\Kitapci.Lib.csproj", "{AD96C4EE-0222-45E8-861A-BE50D9B2BB81}"
EndProject
Project("{2150E333-8FDC-42A3-9474-1A3956D46DE8}") = "KitapciDukkani", "KitapciDukkani", "{CA55AC03-F5F4-4A5E-9F29-EC0A80D32A69}"
EndProject
Project("{9A19103F-16F7-4668-BE54-9A1E7A4F7556}") = "RentACar", "RentACar\RentACar.csproj", "{199FE4B9-6827-4D00-AF6F-31823D923441}"
EndProject
Project("{9A19103F-16F7-4668-BE54-9A1E7A4F7556}") = "RentACar.Lib", "RentACar.Lib\RentACar.Lib.csproj", "{78B9F13C-F4A6-45C6-B01B-9E29DC3D4E5D}"
EndProject
Project("{2150E333-8FDC-42A3-9474-1A3956D46DE8}") = "RentACarr", "RentACarr", "{C9C8793C-0413-4A5F-8BFE-04BAC2550C9A}"
EndProject
Project("{FAE04EC0-301F-11D3-BF4B-00C04F79EFBC}") = "CinAliCizimi", "CinAliCizimi\CinAliCizimi.csproj", "{94282D01-8C8A-454F-9DCF-DCD4FEA7A6B7}"
EndProject
Global
	GlobalSection(SolutionConfigurationPlatforms) = preSolution
		Debug|Any CPU = Debug|Any CPU
		Release|Any CPU = Release|Any CPU
	EndGlobalSection
	GlobalSection(ProjectConfigurationPlatforms) = postSolution
		{2E0B8AAA-239B-4A9C-8A2C-013F10AF52FF}.Debug|Any CPU.ActiveCfg = Debug|Any CPU
		{2E0B8AAA-239B-4A9C-8A2C-013F10AF52FF}.Debug|Any CPU.Build.0 = Debug|Any CPU
		{2E0B8AAA-239B-4A9C-8A2C-013F10AF52FF}.Release|Any CPU.ActiveCfg = Release|Any CPU
		{2E0B8AAA-239B-4A9C-8A2C-013F10AF52FF}.Release|Any CPU.Build.0 = Release|Any CPU
		{820C7020-2CF0-4DB5-8DC9-B4CC3B9A3C69}.Debug|Any CPU.ActiveCfg = Debug|Any CPU
		{820C7020-2CF0-4DB5-8DC9-B4CC3B9A3C69}.Debug|Any CPU.Build.0 = Debug|Any CPU
		{820C7020-2CF0-4DB5-8DC9-B4CC3B9A3C69}.Release|Any CPU.ActiveCfg = Release|Any CPU
		{820C7020-2CF0-4DB5-8DC9-B4CC3B9A3C69}.Release|Any CPU.Build.0 = Release|Any CPU
		{7D19E091-70C3-4DF9-AA37-DBF49ACB9AE0}.Debug|Any CPU.ActiveCfg = Debug|Any CPU
		{7D19E091-70C3-4DF9-AA37-DBF49ACB9AE0}.Debug|Any CPU.Build.0 = Debug|Any CPU
		{7D19E091-70C3-4DF9-AA37-DBF49ACB9AE0}.Release|Any CPU.ActiveCfg = Release|Any CPU
		{7D19E091-70C3-4DF9-AA37-DBF49ACB9AE0}.Release|Any CPU.Build.0 = Release|Any CPU
		{F06A9CFF-003F-439F-A65A-66B65BD4CDC5}.Debug|Any CPU.ActiveCfg = Debug|Any CPU
		{F06A9CFF-003F-439F-A65A-66B65BD4CDC5}.Debug|Any CPU.Build.0 = Debug|Any CPU
		{F06A9CFF-003F-439F-A65A-66B65BD4CDC5}.Release|Any CPU.ActiveCfg = Release|Any CPU
		{F06A9CFF-003F-439F-A65A-66B65BD4CDC5}.Release|Any CPU.Build.0 = Release|Any CPU
		{AD96C4EE-0222-45E8-861A-BE50D9B2BB81}.Debug|Any CPU.ActiveCfg = Debug|Any CPU
		{AD96C4EE-0222-45E8-861A-BE50D9B2BB81}.Debug|Any CPU.Build.0 = Debug|Any CPU
		{AD96C4EE-0222-45E8-861A-BE50D9B2BB81}.Release|Any CPU.ActiveCfg = Release|Any CPU
		{AD96C4EE-0222-45E8-861A-BE50D9B2BB81}.Release|Any CPU.Build.0 = Release|Any CPU
		{199FE4B9-6827-4D00-AF6F-31823D923441}.Debug|Any CPU.ActiveCfg = Debug|Any CPU
		{199FE4B9-6827-4D00-AF6F-31823D923441}.Debug|Any CPU.Build.0 = Debug|Any CPU
		{199FE4B9-6827-4D00-AF6F-31823D923441}.Release|Any CPU.ActiveCfg = Release|Any CPU
		{199FE4B9-6827-4D00-AF6F-31823D923441}.Release|Any CPU.Build.0 = Release|Any CPU
		{78B9F13C-F4A6-45C6-B01B-9E29DC3D4E5D}.Debug|Any CPU.ActiveCfg = Debug|Any CPU
		{78B9F13C-F4A6-45C6-B01B-9E29DC3D4E5D}.Debug|Any CPU.Build.0 = Debug|Any CPU
		{78B9F13C-F4A6-45C6-B01B-9E29DC3D4E5D}.Release|Any CPU.ActiveCfg = Release|Any CPU
		{78B9F13C-F4A6-45C6-B01B-9E29DC3D4E5D}.Release|Any CPU.Build.0 = Release|Any CPU
		{94282D01-8C8A-454F-9DCF-DCD4FEA7A6B7}.Debug|Any CPU.ActiveCfg = Debug|Any CPU
		{94282D01-8C8A-454F-9DCF-DCD4FEA7A6B7}.Debug|Any CPU.Build.0 = Debug|Any CPU
		{94282D01-8C8A-454F-9DCF-DCD4FEA7A6B7}.Release|Any CPU.ActiveCfg = Release|Any CPU
		{94282D01-8C8A-454F-9DCF-DCD4FEA7A6B7}.Release|Any CPU.Build.0 = Release|Any CPU
	EndGlobalSection
	GlobalSection(SolutionProperties) = preSolution
		HideSolutionNode = FALSE
	EndGlobalSection
	GlobalSection(NestedProjects) = preSolution
		{2E0B8AAA-239B-4A9C-8A2C-013F10AF52FF} = {84E4C471-1E3B-4670-A629-6C57B428327F}
		{820C7020-2CF0-4DB5-8DC9-B4CC3B9A3C69} = {57092005-552B-47FC-942E-929D7E9BB661}
		{7D19E091-70C3-4DF9-AA37-DBF49ACB9AE0} = {16346F47-7F2F-4960-B9D7-FFE4EDD2ADC3}
		{F06A9CFF-003F-439F-A65A-66B65BD4CDC5} = {CA55AC03-F5F4-4A5E-9F29-EC0A80D32A69}
		{AD96C4EE-0222-45E8-861A-BE50D9B2BB81} = {CA55AC03-F5F4-4A5E-9F29-EC0A80D32A69}
		{199FE4B9-6827-4D00-AF6F-31823D923441} = {C9C8793C-0413-4A5F-8BFE-04BAC2550C9A}
		{78B9F13C-F4A6-45C6-B01B-9E29DC3D4E5D} = {C9C8793C-0413-4A5F-8BFE-04BAC2550C9A}
	EndGlobalSection
	GlobalSection(ExtensibilityGlobals) = postSolution
		SolutionGuid = {CBA3A22F-8B05-4AA0-970A-7F51E6825C4D}
	EndGlobalSection
EndGlobal
